// !$*UTF8*$!
{
	archiveVersion = 1;
	classes = {
	};
	objectVersion = 56;
	objects = {

/* Begin PBXBuildFile section */
		DABFE3172C19842E001AAD93 /* SearchResults.swift in Sources */ = {isa = PBXBuildFile; fileRef = DABFE3162C19842E001AAD93 /* SearchResults.swift */; };
		DAD0DE072C16DA3A00FF5CC7 /* AppDelegate.swift in Sources */ = {isa = PBXBuildFile; fileRef = DAD0DE062C16DA3A00FF5CC7 /* AppDelegate.swift */; };
		DAD0DE092C16DA3A00FF5CC7 /* SceneDelegate.swift in Sources */ = {isa = PBXBuildFile; fileRef = DAD0DE082C16DA3A00FF5CC7 /* SceneDelegate.swift */; };
		DAD0DE0B2C16DA3A00FF5CC7 /* ViewController.swift in Sources */ = {isa = PBXBuildFile; fileRef = DAD0DE0A2C16DA3A00FF5CC7 /* ViewController.swift */; };
		DAD0DE112C16DA3A00FF5CC7 /* AndersenPetProject.xcdatamodeld in Sources */ = {isa = PBXBuildFile; fileRef = DAD0DE0F2C16DA3A00FF5CC7 /* AndersenPetProject.xcdatamodeld */; };
		DAD0DE132C16DA3C00FF5CC7 /* Assets.xcassets in Resources */ = {isa = PBXBuildFile; fileRef = DAD0DE122C16DA3C00FF5CC7 /* Assets.xcassets */; };
		DAD0DE162C16DA3C00FF5CC7 /* Base in Resources */ = {isa = PBXBuildFile; fileRef = DAD0DE152C16DA3C00FF5CC7 /* Base */; };
		DAD0DE1F2C16DA5C00FF5CC7 /* SnapKit in Frameworks */ = {isa = PBXBuildFile; productRef = DAD0DE1E2C16DA5C00FF5CC7 /* SnapKit */; };
		DAD0DE212C16DFE500FF5CC7 /* ImageInfo.swift in Sources */ = {isa = PBXBuildFile; fileRef = DAD0DE202C16DFE500FF5CC7 /* ImageInfo.swift */; };
		DAD0DE242C16E4B100FF5CC7 /* Api.swift in Sources */ = {isa = PBXBuildFile; fileRef = DAD0DE232C16E4B100FF5CC7 /* Api.swift */; };
		DAD0DE262C1701FD00FF5CC7 /* ImageViewModel.swift in Sources */ = {isa = PBXBuildFile; fileRef = DAD0DE252C1701FD00FF5CC7 /* ImageViewModel.swift */; };
		DAD0DE282C17022300FF5CC7 /* ImageViewModelProtocol.swift in Sources */ = {isa = PBXBuildFile; fileRef = DAD0DE272C17022300FF5CC7 /* ImageViewModelProtocol.swift */; };
		DAD0DE2B2C1702DA00FF5CC7 /* ImageViewModelDelegate.swift in Sources */ = {isa = PBXBuildFile; fileRef = DAD0DE2A2C1702DA00FF5CC7 /* ImageViewModelDelegate.swift */; };
		DAD0DE2D2C17051700FF5CC7 /* NetworkServiceProtocol.swift in Sources */ = {isa = PBXBuildFile; fileRef = DAD0DE2C2C17051700FF5CC7 /* NetworkServiceProtocol.swift */; };
		DAD0DE302C17070100FF5CC7 /* NetworkService.swift in Sources */ = {isa = PBXBuildFile; fileRef = DAD0DE2F2C17070100FF5CC7 /* NetworkService.swift */; };
		DAD0DE322C170CF500FF5CC7 /* NetworkServiceDelegate.swift in Sources */ = {isa = PBXBuildFile; fileRef = DAD0DE312C170CF500FF5CC7 /* NetworkServiceDelegate.swift */; };
		DAD0DE392C170DE200FF5CC7 /* Errors.swift in Sources */ = {isa = PBXBuildFile; fileRef = DAD0DE382C170DE200FF5CC7 /* Errors.swift */; };
		DAD0DE3B2C17111300FF5CC7 /* ImageCell.swift in Sources */ = {isa = PBXBuildFile; fileRef = DAD0DE3A2C17111300FF5CC7 /* ImageCell.swift */; };
		DAD0DE3D2C185B6E00FF5CC7 /* CoreDataServiceProtocol.swift in Sources */ = {isa = PBXBuildFile; fileRef = DAD0DE3C2C185B6E00FF5CC7 /* CoreDataServiceProtocol.swift */; };
		DAD0DE3F2C185B8A00FF5CC7 /* CoreDataServiceDelegate.swift in Sources */ = {isa = PBXBuildFile; fileRef = DAD0DE3E2C185B8A00FF5CC7 /* CoreDataServiceDelegate.swift */; };
		DAD0DE412C185D0200FF5CC7 /* CoreDataService.swift in Sources */ = {isa = PBXBuildFile; fileRef = DAD0DE402C185D0200FF5CC7 /* CoreDataService.swift */; };
		DAD0DE4C2C18603500FF5CC7 /* ImageEntity+CoreDataClass.swift in Sources */ = {isa = PBXBuildFile; fileRef = DAD0DE4A2C18603500FF5CC7 /* ImageEntity+CoreDataClass.swift */; };
		DAD0DE4D2C18603500FF5CC7 /* ImageEntity+CoreDataProperties.swift in Sources */ = {isa = PBXBuildFile; fileRef = DAD0DE4B2C18603500FF5CC7 /* ImageEntity+CoreDataProperties.swift */; };
		DAD0DE502C1866B700FF5CC7 /* DetailPageViewController.swift in Sources */ = {isa = PBXBuildFile; fileRef = DAD0DE4F2C1866B700FF5CC7 /* DetailPageViewController.swift */; };
		DAD0DE522C1866EC00FF5CC7 /* DetailViewController.swift in Sources */ = {isa = PBXBuildFile; fileRef = DAD0DE512C1866EC00FF5CC7 /* DetailViewController.swift */; };
		DAD0DE542C18673B00FF5CC7 /* DetailDelegate.swift in Sources */ = {isa = PBXBuildFile; fileRef = DAD0DE532C18673B00FF5CC7 /* DetailDelegate.swift */; };
		DAD0DE562C18675700FF5CC7 /* Constants.swift in Sources */ = {isa = PBXBuildFile; fileRef = DAD0DE552C18675700FF5CC7 /* Constants.swift */; };
/* End PBXBuildFile section */

/* Begin PBXFileReference section */
		DABFE3162C19842E001AAD93 /* SearchResults.swift */ = {isa = PBXFileReference; lastKnownFileType = sourcecode.swift; path = SearchResults.swift; sourceTree = "<group>"; };
		DAD0DE032C16DA3A00FF5CC7 /* AndersenPetProject.app */ = {isa = PBXFileReference; explicitFileType = wrapper.application; includeInIndex = 0; path = AndersenPetProject.app; sourceTree = BUILT_PRODUCTS_DIR; };
		DAD0DE062C16DA3A00FF5CC7 /* AppDelegate.swift */ = {isa = PBXFileReference; lastKnownFileType = sourcecode.swift; path = AppDelegate.swift; sourceTree = "<group>"; };
		DAD0DE082C16DA3A00FF5CC7 /* SceneDelegate.swift */ = {isa = PBXFileReference; lastKnownFileType = sourcecode.swift; path = SceneDelegate.swift; sourceTree = "<group>"; };
		DAD0DE0A2C16DA3A00FF5CC7 /* ViewController.swift */ = {isa = PBXFileReference; lastKnownFileType = sourcecode.swift; path = ViewController.swift; sourceTree = "<group>"; };
		DAD0DE102C16DA3A00FF5CC7 /* AndersenPetProject.xcdatamodel */ = {isa = PBXFileReference; lastKnownFileType = wrapper.xcdatamodel; path = AndersenPetProject.xcdatamodel; sourceTree = "<group>"; };
		DAD0DE122C16DA3C00FF5CC7 /* Assets.xcassets */ = {isa = PBXFileReference; lastKnownFileType = folder.assetcatalog; path = Assets.xcassets; sourceTree = "<group>"; };
		DAD0DE152C16DA3C00FF5CC7 /* Base */ = {isa = PBXFileReference; lastKnownFileType = file.storyboard; name = Base; path = Base.lproj/LaunchScreen.storyboard; sourceTree = "<group>"; };
		DAD0DE172C16DA3C00FF5CC7 /* Info.plist */ = {isa = PBXFileReference; lastKnownFileType = text.plist.xml; path = Info.plist; sourceTree = "<group>"; };
		DAD0DE202C16DFE500FF5CC7 /* ImageInfo.swift */ = {isa = PBXFileReference; lastKnownFileType = sourcecode.swift; path = ImageInfo.swift; sourceTree = "<group>"; };
		DAD0DE232C16E4B100FF5CC7 /* Api.swift */ = {isa = PBXFileReference; lastKnownFileType = sourcecode.swift; path = Api.swift; sourceTree = "<group>"; };
		DAD0DE252C1701FD00FF5CC7 /* ImageViewModel.swift */ = {isa = PBXFileReference; lastKnownFileType = sourcecode.swift; path = ImageViewModel.swift; sourceTree = "<group>"; };
		DAD0DE272C17022300FF5CC7 /* ImageViewModelProtocol.swift */ = {isa = PBXFileReference; lastKnownFileType = sourcecode.swift; path = ImageViewModelProtocol.swift; sourceTree = "<group>"; };
		DAD0DE2A2C1702DA00FF5CC7 /* ImageViewModelDelegate.swift */ = {isa = PBXFileReference; lastKnownFileType = sourcecode.swift; path = ImageViewModelDelegate.swift; sourceTree = "<group>"; };
		DAD0DE2C2C17051700FF5CC7 /* NetworkServiceProtocol.swift */ = {isa = PBXFileReference; lastKnownFileType = sourcecode.swift; path = NetworkServiceProtocol.swift; sourceTree = "<group>"; };
		DAD0DE2F2C17070100FF5CC7 /* NetworkService.swift */ = {isa = PBXFileReference; lastKnownFileType = sourcecode.swift; path = NetworkService.swift; sourceTree = "<group>"; };
		DAD0DE312C170CF500FF5CC7 /* NetworkServiceDelegate.swift */ = {isa = PBXFileReference; lastKnownFileType = sourcecode.swift; path = NetworkServiceDelegate.swift; sourceTree = "<group>"; };
		DAD0DE382C170DE200FF5CC7 /* Errors.swift */ = {isa = PBXFileReference; lastKnownFileType = sourcecode.swift; path = Errors.swift; sourceTree = "<group>"; };
		DAD0DE3A2C17111300FF5CC7 /* ImageCell.swift */ = {isa = PBXFileReference; lastKnownFileType = sourcecode.swift; path = ImageCell.swift; sourceTree = "<group>"; };
		DAD0DE3C2C185B6E00FF5CC7 /* CoreDataServiceProtocol.swift */ = {isa = PBXFileReference; lastKnownFileType = sourcecode.swift; path = CoreDataServiceProtocol.swift; sourceTree = "<group>"; };
		DAD0DE3E2C185B8A00FF5CC7 /* CoreDataServiceDelegate.swift */ = {isa = PBXFileReference; lastKnownFileType = sourcecode.swift; path = CoreDataServiceDelegate.swift; sourceTree = "<group>"; };
		DAD0DE402C185D0200FF5CC7 /* CoreDataService.swift */ = {isa = PBXFileReference; lastKnownFileType = sourcecode.swift; path = CoreDataService.swift; sourceTree = "<group>"; };
		DAD0DE4A2C18603500FF5CC7 /* ImageEntity+CoreDataClass.swift */ = {isa = PBXFileReference; lastKnownFileType = sourcecode.swift; path = "ImageEntity+CoreDataClass.swift"; sourceTree = "<group>"; };
		DAD0DE4B2C18603500FF5CC7 /* ImageEntity+CoreDataProperties.swift */ = {isa = PBXFileReference; lastKnownFileType = sourcecode.swift; path = "ImageEntity+CoreDataProperties.swift"; sourceTree = "<group>"; };
		DAD0DE4F2C1866B700FF5CC7 /* DetailPageViewController.swift */ = {isa = PBXFileReference; lastKnownFileType = sourcecode.swift; path = DetailPageViewController.swift; sourceTree = "<group>"; };
		DAD0DE512C1866EC00FF5CC7 /* DetailViewController.swift */ = {isa = PBXFileReference; lastKnownFileType = sourcecode.swift; path = DetailViewController.swift; sourceTree = "<group>"; };
		DAD0DE532C18673B00FF5CC7 /* DetailDelegate.swift */ = {isa = PBXFileReference; lastKnownFileType = sourcecode.swift; path = DetailDelegate.swift; sourceTree = "<group>"; };
		DAD0DE552C18675700FF5CC7 /* Constants.swift */ = {isa = PBXFileReference; lastKnownFileType = sourcecode.swift; path = Constants.swift; sourceTree = "<group>"; };
/* End PBXFileReference section */

/* Begin PBXFrameworksBuildPhase section */
		DAD0DE002C16DA3A00FF5CC7 /* Frameworks */ = {
			isa = PBXFrameworksBuildPhase;
			buildActionMask = 2147483647;
			files = (
				DAD0DE1F2C16DA5C00FF5CC7 /* SnapKit in Frameworks */,
			);
			runOnlyForDeploymentPostprocessing = 0;
		};
/* End PBXFrameworksBuildPhase section */

/* Begin PBXGroup section */
		DAD0DDFA2C16DA3A00FF5CC7 = {
			isa = PBXGroup;
			children = (
				DAD0DE052C16DA3A00FF5CC7 /* AndersenPetProject */,
				DAD0DE042C16DA3A00FF5CC7 /* Products */,
			);
			sourceTree = "<group>";
		};
		DAD0DE042C16DA3A00FF5CC7 /* Products */ = {
			isa = PBXGroup;
			children = (
				DAD0DE032C16DA3A00FF5CC7 /* AndersenPetProject.app */,
			);
			name = Products;
			sourceTree = "<group>";
		};
		DAD0DE052C16DA3A00FF5CC7 /* AndersenPetProject */ = {
			isa = PBXGroup;
			children = (
				DAD0DE362C170D5A00FF5CC7 /* ViewModels */,
				DAD0DE332C170D4000FF5CC7 /* Views */,
				DAD0DE2E2C1706B700FF5CC7 /* Services */,
				DAD0DE222C16E27300FF5CC7 /* Models */,
				DAD0DE062C16DA3A00FF5CC7 /* AppDelegate.swift */,
				DAD0DE082C16DA3A00FF5CC7 /* SceneDelegate.swift */,
				DAD0DE122C16DA3C00FF5CC7 /* Assets.xcassets */,
				DAD0DE142C16DA3C00FF5CC7 /* LaunchScreen.storyboard */,
				DAD0DE172C16DA3C00FF5CC7 /* Info.plist */,
				DAD0DE0F2C16DA3A00FF5CC7 /* AndersenPetProject.xcdatamodeld */,
			);
			path = AndersenPetProject;
			sourceTree = "<group>";
		};
		DAD0DE222C16E27300FF5CC7 /* Models */ = {
			isa = PBXGroup;
			children = (
				DAD0DE372C170DD800FF5CC7 /* Enums */,
				DAD0DE292C1702BB00FF5CC7 /* Protocols */,
				DAD0DE202C16DFE500FF5CC7 /* ImageInfo.swift */,
				DABFE3162C19842E001AAD93 /* SearchResults.swift */,
				DAD0DE4B2C18603500FF5CC7 /* ImageEntity+CoreDataProperties.swift */,
				DAD0DE4A2C18603500FF5CC7 /* ImageEntity+CoreDataClass.swift */,
				DAD0DE232C16E4B100FF5CC7 /* Api.swift */,
			);
			path = Models;
			sourceTree = "<group>";
		};
		DAD0DE292C1702BB00FF5CC7 /* Protocols */ = {
			isa = PBXGroup;
			children = (
				DAD0DE272C17022300FF5CC7 /* ImageViewModelProtocol.swift */,
				DAD0DE2A2C1702DA00FF5CC7 /* ImageViewModelDelegate.swift */,
				DAD0DE2C2C17051700FF5CC7 /* NetworkServiceProtocol.swift */,
				DAD0DE312C170CF500FF5CC7 /* NetworkServiceDelegate.swift */,
				DAD0DE3C2C185B6E00FF5CC7 /* CoreDataServiceProtocol.swift */,
				DAD0DE3E2C185B8A00FF5CC7 /* CoreDataServiceDelegate.swift */,
				DAD0DE532C18673B00FF5CC7 /* DetailDelegate.swift */,
			);
			path = Protocols;
			sourceTree = "<group>";
		};
		DAD0DE2E2C1706B700FF5CC7 /* Services */ = {
			isa = PBXGroup;
			children = (
				DAD0DE2F2C17070100FF5CC7 /* NetworkService.swift */,
				DAD0DE402C185D0200FF5CC7 /* CoreDataService.swift */,
			);
			path = Services;
			sourceTree = "<group>";
		};
		DAD0DE332C170D4000FF5CC7 /* Views */ = {
			isa = PBXGroup;
			children = (
				DAD0DE4E2C18668B00FF5CC7 /* DetailView */,
				DAD0DE0A2C16DA3A00FF5CC7 /* ViewController.swift */,
				DAD0DE3A2C17111300FF5CC7 /* ImageCell.swift */,
			);
			path = Views;
			sourceTree = "<group>";
		};
		DAD0DE362C170D5A00FF5CC7 /* ViewModels */ = {
			isa = PBXGroup;
			children = (
				DAD0DE252C1701FD00FF5CC7 /* ImageViewModel.swift */,
			);
			path = ViewModels;
			sourceTree = "<group>";
		};
		DAD0DE372C170DD800FF5CC7 /* Enums */ = {
			isa = PBXGroup;
			children = (
				DAD0DE382C170DE200FF5CC7 /* Errors.swift */,
				DAD0DE552C18675700FF5CC7 /* Constants.swift */,
			);
			path = Enums;
			sourceTree = "<group>";
		};
		DAD0DE4E2C18668B00FF5CC7 /* DetailView */ = {
			isa = PBXGroup;
			children = (
				DAD0DE4F2C1866B700FF5CC7 /* DetailPageViewController.swift */,
				DAD0DE512C1866EC00FF5CC7 /* DetailViewController.swift */,
			);
			path = DetailView;
			sourceTree = "<group>";
		};
/* End PBXGroup section */

/* Begin PBXNativeTarget section */
		DAD0DE022C16DA3A00FF5CC7 /* AndersenPetProject */ = {
			isa = PBXNativeTarget;
			buildConfigurationList = DAD0DE1A2C16DA3C00FF5CC7 /* Build configuration list for PBXNativeTarget "AndersenPetProject" */;
			buildPhases = (
				DAD0DDFF2C16DA3A00FF5CC7 /* Sources */,
				DAD0DE002C16DA3A00FF5CC7 /* Frameworks */,
				DAD0DE012C16DA3A00FF5CC7 /* Resources */,
			);
			buildRules = (
			);
			dependencies = (
			);
			name = AndersenPetProject;
			packageProductDependencies = (
				DAD0DE1E2C16DA5C00FF5CC7 /* SnapKit */,
			);
			productName = AndersenPetProject;
			productReference = DAD0DE032C16DA3A00FF5CC7 /* AndersenPetProject.app */;
			productType = "com.apple.product-type.application";
		};
/* End PBXNativeTarget section */

/* Begin PBXProject section */
		DAD0DDFB2C16DA3A00FF5CC7 /* Project object */ = {
			isa = PBXProject;
			attributes = {
				BuildIndependentTargetsInParallel = 1;
				LastSwiftUpdateCheck = 1540;
				LastUpgradeCheck = 1540;
				TargetAttributes = {
					DAD0DE022C16DA3A00FF5CC7 = {
						CreatedOnToolsVersion = 15.4;
					};
				};
			};
			buildConfigurationList = DAD0DDFE2C16DA3A00FF5CC7 /* Build configuration list for PBXProject "AndersenPetProject" */;
			compatibilityVersion = "Xcode 14.0";
			developmentRegion = en;
			hasScannedForEncodings = 0;
			knownRegions = (
				en,
				Base,
			);
			mainGroup = DAD0DDFA2C16DA3A00FF5CC7;
			packageReferences = (
				DAD0DE1D2C16DA5C00FF5CC7 /* XCRemoteSwiftPackageReference "SnapKit" */,
			);
			productRefGroup = DAD0DE042C16DA3A00FF5CC7 /* Products */;
			projectDirPath = "";
			projectRoot = "";
			targets = (
				DAD0DE022C16DA3A00FF5CC7 /* AndersenPetProject */,
			);
		};
/* End PBXProject section */

/* Begin PBXResourcesBuildPhase section */
		DAD0DE012C16DA3A00FF5CC7 /* Resources */ = {
			isa = PBXResourcesBuildPhase;
			buildActionMask = 2147483647;
			files = (
				DAD0DE132C16DA3C00FF5CC7 /* Assets.xcassets in Resources */,
				DAD0DE162C16DA3C00FF5CC7 /* Base in Resources */,
			);
			runOnlyForDeploymentPostprocessing = 0;
		};
/* End PBXResourcesBuildPhase section */

/* Begin PBXSourcesBuildPhase section */
		DAD0DDFF2C16DA3A00FF5CC7 /* Sources */ = {
			isa = PBXSourcesBuildPhase;
			buildActionMask = 2147483647;
			files = (
				DAD0DE502C1866B700FF5CC7 /* DetailPageViewController.swift in Sources */,
				DAD0DE412C185D0200FF5CC7 /* CoreDataService.swift in Sources */,
				DAD0DE302C17070100FF5CC7 /* NetworkService.swift in Sources */,
				DAD0DE282C17022300FF5CC7 /* ImageViewModelProtocol.swift in Sources */,
				DAD0DE262C1701FD00FF5CC7 /* ImageViewModel.swift in Sources */,
				DAD0DE242C16E4B100FF5CC7 /* Api.swift in Sources */,
				DAD0DE562C18675700FF5CC7 /* Constants.swift in Sources */,
				DAD0DE522C1866EC00FF5CC7 /* DetailViewController.swift in Sources */,
				DAD0DE2B2C1702DA00FF5CC7 /* ImageViewModelDelegate.swift in Sources */,
				DAD0DE3B2C17111300FF5CC7 /* ImageCell.swift in Sources */,
				DAD0DE2D2C17051700FF5CC7 /* NetworkServiceProtocol.swift in Sources */,
				DAD0DE3F2C185B8A00FF5CC7 /* CoreDataServiceDelegate.swift in Sources */,
				DAD0DE0B2C16DA3A00FF5CC7 /* ViewController.swift in Sources */,
				DAD0DE392C170DE200FF5CC7 /* Errors.swift in Sources */,
				DAD0DE212C16DFE500FF5CC7 /* ImageInfo.swift in Sources */,
				DAD0DE3D2C185B6E00FF5CC7 /* CoreDataServiceProtocol.swift in Sources */,
				DAD0DE072C16DA3A00FF5CC7 /* AppDelegate.swift in Sources */,
				DAD0DE322C170CF500FF5CC7 /* NetworkServiceDelegate.swift in Sources */,
				DAD0DE542C18673B00FF5CC7 /* DetailDelegate.swift in Sources */,
				DAD0DE092C16DA3A00FF5CC7 /* SceneDelegate.swift in Sources */,
				DAD0DE4C2C18603500FF5CC7 /* ImageEntity+CoreDataClass.swift in Sources */,
				DAD0DE4D2C18603500FF5CC7 /* ImageEntity+CoreDataProperties.swift in Sources */,
				DABFE3172C19842E001AAD93 /* SearchResults.swift in Sources */,
				DAD0DE112C16DA3A00FF5CC7 /* AndersenPetProject.xcdatamodeld in Sources */,
			);
			runOnlyForDeploymentPostprocessing = 0;
		};
/* End PBXSourcesBuildPhase section */

/* Begin PBXVariantGroup section */
		DAD0DE142C16DA3C00FF5CC7 /* LaunchScreen.storyboard */ = {
			isa = PBXVariantGroup;
			children = (
				DAD0DE152C16DA3C00FF5CC7 /* Base */,
			);
			name = LaunchScreen.storyboard;
			sourceTree = "<group>";
		};
/* End PBXVariantGroup section */

/* Begin XCBuildConfiguration section */
		DAD0DE182C16DA3C00FF5CC7 /* Debug */ = {
			isa = XCBuildConfiguration;
			buildSettings = {
				ALWAYS_SEARCH_USER_PATHS = NO;
				ASSETCATALOG_COMPILER_GENERATE_SWIFT_ASSET_SYMBOL_EXTENSIONS = YES;
				CLANG_ANALYZER_NONNULL = YES;
				CLANG_ANALYZER_NUMBER_OBJECT_CONVERSION = YES_AGGRESSIVE;
				CLANG_CXX_LANGUAGE_STANDARD = "gnu++20";
				CLANG_ENABLE_MODULES = YES;
				CLANG_ENABLE_OBJC_ARC = YES;
				CLANG_ENABLE_OBJC_WEAK = YES;
				CLANG_WARN_BLOCK_CAPTURE_AUTORELEASING = YES;
				CLANG_WARN_BOOL_CONVERSION = YES;
				CLANG_WARN_COMMA = YES;
				CLANG_WARN_CONSTANT_CONVERSION = YES;
				CLANG_WARN_DEPRECATED_OBJC_IMPLEMENTATIONS = YES;
				CLANG_WARN_DIRECT_OBJC_ISA_USAGE = YES_ERROR;
				CLANG_WARN_DOCUMENTATION_COMMENTS = YES;
				CLANG_WARN_EMPTY_BODY = YES;
				CLANG_WARN_ENUM_CONVERSION = YES;
				CLANG_WARN_INFINITE_RECURSION = YES;
				CLANG_WARN_INT_CONVERSION = YES;
				CLANG_WARN_NON_LITERAL_NULL_CONVERSION = YES;
				CLANG_WARN_OBJC_IMPLICIT_RETAIN_SELF = YES;
				CLANG_WARN_OBJC_LITERAL_CONVERSION = YES;
				CLANG_WARN_OBJC_ROOT_CLASS = YES_ERROR;
				CLANG_WARN_QUOTED_INCLUDE_IN_FRAMEWORK_HEADER = YES;
				CLANG_WARN_RANGE_LOOP_ANALYSIS = YES;
				CLANG_WARN_STRICT_PROTOTYPES = YES;
				CLANG_WARN_SUSPICIOUS_MOVE = YES;
				CLANG_WARN_UNGUARDED_AVAILABILITY = YES_AGGRESSIVE;
				CLANG_WARN_UNREACHABLE_CODE = YES;
				CLANG_WARN__DUPLICATE_METHOD_MATCH = YES;
				COPY_PHASE_STRIP = NO;
				DEBUG_INFORMATION_FORMAT = dwarf;
				ENABLE_STRICT_OBJC_MSGSEND = YES;
				ENABLE_TESTABILITY = YES;
				ENABLE_USER_SCRIPT_SANDBOXING = YES;
				GCC_C_LANGUAGE_STANDARD = gnu17;
				GCC_DYNAMIC_NO_PIC = NO;
				GCC_NO_COMMON_BLOCKS = YES;
				GCC_OPTIMIZATION_LEVEL = 0;
				GCC_PREPROCESSOR_DEFINITIONS = (
					"DEBUG=1",
					"$(inherited)",
				);
				GCC_WARN_64_TO_32_BIT_CONVERSION = YES;
				GCC_WARN_ABOUT_RETURN_TYPE = YES_ERROR;
				GCC_WARN_UNDECLARED_SELECTOR = YES;
				GCC_WARN_UNINITIALIZED_AUTOS = YES_AGGRESSIVE;
				GCC_WARN_UNUSED_FUNCTION = YES;
				GCC_WARN_UNUSED_VARIABLE = YES;
				IPHONEOS_DEPLOYMENT_TARGET = 17.5;
				LOCALIZATION_PREFERS_STRING_CATALOGS = YES;
				MTL_ENABLE_DEBUG_INFO = INCLUDE_SOURCE;
				MTL_FAST_MATH = YES;
				ONLY_ACTIVE_ARCH = YES;
				SDKROOT = iphoneos;
				SWIFT_ACTIVE_COMPILATION_CONDITIONS = "DEBUG $(inherited)";
				SWIFT_OPTIMIZATION_LEVEL = "-Onone";
			};
			name = Debug;
		};
		DAD0DE192C16DA3C00FF5CC7 /* Release */ = {
			isa = XCBuildConfiguration;
			buildSettings = {
				ALWAYS_SEARCH_USER_PATHS = NO;
				ASSETCATALOG_COMPILER_GENERATE_SWIFT_ASSET_SYMBOL_EXTENSIONS = YES;
				CLANG_ANALYZER_NONNULL = YES;
				CLANG_ANALYZER_NUMBER_OBJECT_CONVERSION = YES_AGGRESSIVE;
				CLANG_CXX_LANGUAGE_STANDARD = "gnu++20";
				CLANG_ENABLE_MODULES = YES;
				CLANG_ENABLE_OBJC_ARC = YES;
				CLANG_ENABLE_OBJC_WEAK = YES;
				CLANG_WARN_BLOCK_CAPTURE_AUTORELEASING = YES;
				CLANG_WARN_BOOL_CONVERSION = YES;
				CLANG_WARN_COMMA = YES;
				CLANG_WARN_CONSTANT_CONVERSION = YES;
				CLANG_WARN_DEPRECATED_OBJC_IMPLEMENTATIONS = YES;
				CLANG_WARN_DIRECT_OBJC_ISA_USAGE = YES_ERROR;
				CLANG_WARN_DOCUMENTATION_COMMENTS = YES;
				CLANG_WARN_EMPTY_BODY = YES;
				CLANG_WARN_ENUM_CONVERSION = YES;
				CLANG_WARN_INFINITE_RECURSION = YES;
				CLANG_WARN_INT_CONVERSION = YES;
				CLANG_WARN_NON_LITERAL_NULL_CONVERSION = YES;
				CLANG_WARN_OBJC_IMPLICIT_RETAIN_SELF = YES;
				CLANG_WARN_OBJC_LITERAL_CONVERSION = YES;
				CLANG_WARN_OBJC_ROOT_CLASS = YES_ERROR;
				CLANG_WARN_QUOTED_INCLUDE_IN_FRAMEWORK_HEADER = YES;
				CLANG_WARN_RANGE_LOOP_ANALYSIS = YES;
				CLANG_WARN_STRICT_PROTOTYPES = YES;
				CLANG_WARN_SUSPICIOUS_MOVE = YES;
				CLANG_WARN_UNGUARDED_AVAILABILITY = YES_AGGRESSIVE;
				CLANG_WARN_UNREACHABLE_CODE = YES;
				CLANG_WARN__DUPLICATE_METHOD_MATCH = YES;
				COPY_PHASE_STRIP = NO;
				DEBUG_INFORMATION_FORMAT = "dwarf-with-dsym";
				ENABLE_NS_ASSERTIONS = NO;
				ENABLE_STRICT_OBJC_MSGSEND = YES;
				ENABLE_USER_SCRIPT_SANDBOXING = YES;
				GCC_C_LANGUAGE_STANDARD = gnu17;
				GCC_NO_COMMON_BLOCKS = YES;
				GCC_WARN_64_TO_32_BIT_CONVERSION = YES;
				GCC_WARN_ABOUT_RETURN_TYPE = YES_ERROR;
				GCC_WARN_UNDECLARED_SELECTOR = YES;
				GCC_WARN_UNINITIALIZED_AUTOS = YES_AGGRESSIVE;
				GCC_WARN_UNUSED_FUNCTION = YES;
				GCC_WARN_UNUSED_VARIABLE = YES;
				IPHONEOS_DEPLOYMENT_TARGET = 17.5;
				LOCALIZATION_PREFERS_STRING_CATALOGS = YES;
				MTL_ENABLE_DEBUG_INFO = NO;
				MTL_FAST_MATH = YES;
				SDKROOT = iphoneos;
				SWIFT_COMPILATION_MODE = wholemodule;
				VALIDATE_PRODUCT = YES;
			};
			name = Release;
		};
		DAD0DE1B2C16DA3C00FF5CC7 /* Debug */ = {
			isa = XCBuildConfiguration;
			buildSettings = {
				ASSETCATALOG_COMPILER_APPICON_NAME = AppIcon;
				ASSETCATALOG_COMPILER_GLOBAL_ACCENT_COLOR_NAME = AccentColor;
				CODE_SIGN_STYLE = Automatic;
				CURRENT_PROJECT_VERSION = 1;
				DEVELOPMENT_TEAM = BG8CHM22AC;
				GENERATE_INFOPLIST_FILE = YES;
				INFOPLIST_FILE = AndersenPetProject/Info.plist;
				INFOPLIST_KEY_UIApplicationSupportsIndirectInputEvents = YES;
				INFOPLIST_KEY_UILaunchStoryboardName = LaunchScreen;
				INFOPLIST_KEY_UIMainStoryboardFile = "";
				INFOPLIST_KEY_UISupportedInterfaceOrientations_iPad = "UIInterfaceOrientationPortrait UIInterfaceOrientationPortraitUpsideDown UIInterfaceOrientationLandscapeLeft UIInterfaceOrientationLandscapeRight";
				INFOPLIST_KEY_UISupportedInterfaceOrientations_iPhone = "UIInterfaceOrientationPortrait UIInterfaceOrientationLandscapeLeft UIInterfaceOrientationLandscapeRight";
				LD_RUNPATH_SEARCH_PATHS = (
					"$(inherited)",
					"@executable_path/Frameworks",
				);
				MARKETING_VERSION = 1.0;
				PRODUCT_BUNDLE_IDENTIFIER = com.Awakenone1.AndersenPetProject;
				PRODUCT_NAME = "$(TARGET_NAME)";
				SWIFT_EMIT_LOC_STRINGS = YES;
				SWIFT_VERSION = 5.0;
				TARGETED_DEVICE_FAMILY = "1,2";
			};
			name = Debug;
		};
		DAD0DE1C2C16DA3C00FF5CC7 /* Release */ = {
			isa = XCBuildConfiguration;
			buildSettings = {
				ASSETCATALOG_COMPILER_APPICON_NAME = AppIcon;
				ASSETCATALOG_COMPILER_GLOBAL_ACCENT_COLOR_NAME = AccentColor;
				CODE_SIGN_STYLE = Automatic;
				CURRENT_PROJECT_VERSION = 1;
				DEVELOPMENT_TEAM = BG8CHM22AC;
				GENERATE_INFOPLIST_FILE = YES;
				INFOPLIST_FILE = AndersenPetProject/Info.plist;
				INFOPLIST_KEY_UIApplicationSupportsIndirectInputEvents = YES;
				INFOPLIST_KEY_UILaunchStoryboardName = LaunchScreen;
				INFOPLIST_KEY_UIMainStoryboardFile = "";
				INFOPLIST_KEY_UISupportedInterfaceOrientations_iPad = "UIInterfaceOrientationPortrait UIInterfaceOrientationPortraitUpsideDown UIInterfaceOrientationLandscapeLeft UIInterfaceOrientationLandscapeRight";
				INFOPLIST_KEY_UISupportedInterfaceOrientations_iPhone = "UIInterfaceOrientationPortrait UIInterfaceOrientationLandscapeLeft UIInterfaceOrientationLandscapeRight";
				LD_RUNPATH_SEARCH_PATHS = (
					"$(inherited)",
					"@executable_path/Frameworks",
				);
				MARKETING_VERSION = 1.0;
				PRODUCT_BUNDLE_IDENTIFIER = com.Awakenone1.AndersenPetProject;
				PRODUCT_NAME = "$(TARGET_NAME)";
				SWIFT_EMIT_LOC_STRINGS = YES;
				SWIFT_VERSION = 5.0;
				TARGETED_DEVICE_FAMILY = "1,2";
			};
			name = Release;
		};
/* End XCBuildConfiguration section */

/* Begin XCConfigurationList section */
		DAD0DDFE2C16DA3A00FF5CC7 /* Build configuration list for PBXProject "AndersenPetProject" */ = {
			isa = XCConfigurationList;
			buildConfigurations = (
				DAD0DE182C16DA3C00FF5CC7 /* Debug */,
				DAD0DE192C16DA3C00FF5CC7 /* Release */,
			);
			defaultConfigurationIsVisible = 0;
			defaultConfigurationName = Release;
		};
		DAD0DE1A2C16DA3C00FF5CC7 /* Build configuration list for PBXNativeTarget "AndersenPetProject" */ = {
			isa = XCConfigurationList;
			buildConfigurations = (
				DAD0DE1B2C16DA3C00FF5CC7 /* Debug */,
				DAD0DE1C2C16DA3C00FF5CC7 /* Release */,
			);
			defaultConfigurationIsVisible = 0;
			defaultConfigurationName = Release;
		};
/* End XCConfigurationList section */

/* Begin XCRemoteSwiftPackageReference section */
		DAD0DE1D2C16DA5C00FF5CC7 /* XCRemoteSwiftPackageReference "SnapKit" */ = {
			isa = XCRemoteSwiftPackageReference;
			repositoryURL = "https://github.com/SnapKit/SnapKit";
			requirement = {
				kind = upToNextMajorVersion;
				minimumVersion = 5.7.1;
			};
		};
/* End XCRemoteSwiftPackageReference section */

/* Begin XCSwiftPackageProductDependency section */
		DAD0DE1E2C16DA5C00FF5CC7 /* SnapKit */ = {
			isa = XCSwiftPackageProductDependency;
			package = DAD0DE1D2C16DA5C00FF5CC7 /* XCRemoteSwiftPackageReference "SnapKit" */;
			productName = SnapKit;
		};
/* End XCSwiftPackageProductDependency section */

/* Begin XCVersionGroup section */
		DAD0DE0F2C16DA3A00FF5CC7 /* AndersenPetProject.xcdatamodeld */ = {
			isa = XCVersionGroup;
			children = (
				DAD0DE102C16DA3A00FF5CC7 /* AndersenPetProject.xcdatamodel */,
			);
			currentVersion = DAD0DE102C16DA3A00FF5CC7 /* AndersenPetProject.xcdatamodel */;
			path = AndersenPetProject.xcdatamodeld;
			sourceTree = "<group>";
			versionGroupType = wrapper.xcdatamodel;
		};
/* End XCVersionGroup section */
	};
	rootObject = DAD0DDFB2C16DA3A00FF5CC7 /* Project object */;
}
